
Microsoft Visual Studio Solution File, Format Version 12.00
# Visual Studio Version 16
VisualStudioVersion = 16.0.31019.35
MinimumVisualStudioVersion = 10.0.40219.1
Project("{FAE04EC0-301F-11D3-BF4B-00C04F79EFBC}") = "cert", "cert\cert.csproj", "{B9875909-9DA2-4018-AF43-CC8CD2A1BE34}"
EndProject
Global
	GlobalSection(SolutionConfigurationPlatforms) = preSolution
		Debug|Any CPU = Debug|Any CPU
		Release|Any CPU = Release|Any CPU
	EndGlobalSection
	GlobalSection(ProjectConfigurationPlatforms) = postSolution
		{B9875909-9DA2-4018-AF43-CC8CD2A1BE34}.Debug|Any CPU.ActiveCfg = Debug|Any CPU
		{B9875909-9DA2-4018-AF43-CC8CD2A1BE34}.Debug|Any CPU.Build.0 = Debug|Any CPU
		{B9875909-9DA2-4018-AF43-CC8CD2A1BE34}.Release|Any CPU.ActiveCfg = Release|Any CPU
		{B9875909-9DA2-4018-AF43-CC8CD2A1BE34}.Release|Any CPU.Build.0 = Release|Any CPU
	EndGlobalSection
	GlobalSection(SolutionProperties) = preSolution
		HideSolutionNode = FALSE
	EndGlobalSection
	GlobalSection(ExtensibilityGlobals) = postSolution
		SolutionGuid = {8D90BA61-EE64-4ABC-A332-A9857E1390DD}
	EndGlobalSection
EndGlobal
